// !$*UTF8*$!
{
	archiveVersion = 1;
	classes = {
	};
	objectVersion = 77;
	objects = {

/* Begin PBXBuildFile section */
		05E433CC1D00FC2C7BF6F5A9 /* WatchSessionManager.swift in Sources */ = {isa = PBXBuildFile; fileRef = E14AB498AB359AE1F9D45741 /* WatchSessionManager.swift */; };
		6AB236453483C1710D81B1A1 /* SkyMoodWatchApp.swift in Sources */ = {isa = PBXBuildFile; fileRef = 553F5B91A7D51CCC4A266546 /* SkyMoodWatchApp.swift */; };
		797EE6FA28F68F6A9DD24331 /* ContentView.swift in Sources */ = {isa = PBXBuildFile; fileRef = AB00293F0B79AA432DC309DD /* ContentView.swift */; };
		80DAAA7994827BDF55D0C466 /* Assets.xcassets in Resources */ = {isa = PBXBuildFile; fileRef = 5AA44F44DABA1F1F92AA32BF /* Assets.xcassets */; };
		A7E4915245D70CF764E1A125 /* WeatherCodes.swift in Sources */ = {isa = PBXBuildFile; fileRef = 32E80E9F6D520DCA802EA3E6 /* WeatherCodes.swift */; };
		ACA90958DE97266C19C63E80 /* PlacesView.swift in Sources */ = {isa = PBXBuildFile; fileRef = 19527EF286B44D0B5CAAB18B /* PlacesView.swift */; };
		E5E12A267D45EDEFC0CB5AE6 /* WeatherModel.swift in Sources */ = {isa = PBXBuildFile; fileRef = 4DF74A3D2903A2DDDB40C3BA /* WeatherModel.swift */; };
/* End PBXBuildFile section */

/* Begin PBXFileReference section */
		19527EF286B44D0B5CAAB18B /* PlacesView.swift */ = {isa = PBXFileReference; lastKnownFileType = sourcecode.swift; path = PlacesView.swift; sourceTree = "<group>"; };
		32E80E9F6D520DCA802EA3E6 /* WeatherCodes.swift */ = {isa = PBXFileReference; lastKnownFileType = sourcecode.swift; path = WeatherCodes.swift; sourceTree = "<group>"; };
		4DF74A3D2903A2DDDB40C3BA /* WeatherModel.swift */ = {isa = PBXFileReference; lastKnownFileType = sourcecode.swift; path = WeatherModel.swift; sourceTree = "<group>"; };
		553F5B91A7D51CCC4A266546 /* SkyMoodWatchApp.swift */ = {isa = PBXFileReference; lastKnownFileType = sourcecode.swift; path = SkyMoodWatchApp.swift; sourceTree = "<group>"; };
		5AA44F44DABA1F1F92AA32BF /* Assets.xcassets */ = {isa = PBXFileReference; lastKnownFileType = folder.assetcatalog; path = Assets.xcassets; sourceTree = "<group>"; };
		7157AC73F1D92C31577240BE /* Info.plist */ = {isa = PBXFileReference; lastKnownFileType = text.plist; path = Info.plist; sourceTree = "<group>"; };
		AB00293F0B79AA432DC309DD /* ContentView.swift */ = {isa = PBXFileReference; lastKnownFileType = sourcecode.swift; path = ContentView.swift; sourceTree = "<group>"; };
		BA163EB4C0C762D98BF89959 /* SkyMoodWatch.app */ = {isa = PBXFileReference; explicitFileType = wrapper.application; includeInIndex = 0; path = SkyMoodWatch.app; sourceTree = BUILT_PRODUCTS_DIR; };
		E14AB498AB359AE1F9D45741 /* WatchSessionManager.swift */ = {isa = PBXFileReference; lastKnownFileType = sourcecode.swift; path = WatchSessionManager.swift; sourceTree = "<group>"; };
/* End PBXFileReference section */

/* Begin PBXGroup section */
		018319ACB88FF7DA939BCC1F /* SkyMoodWatch */ = {
			isa = PBXGroup;
			children = (
				5AA44F44DABA1F1F92AA32BF /* Assets.xcassets */,
				AB00293F0B79AA432DC309DD /* ContentView.swift */,
				7157AC73F1D92C31577240BE /* Info.plist */,
				19527EF286B44D0B5CAAB18B /* PlacesView.swift */,
				553F5B91A7D51CCC4A266546 /* SkyMoodWatchApp.swift */,
				E14AB498AB359AE1F9D45741 /* WatchSessionManager.swift */,
				32E80E9F6D520DCA802EA3E6 /* WeatherCodes.swift */,
				4DF74A3D2903A2DDDB40C3BA /* WeatherModel.swift */,
			);
			path = SkyMoodWatch;
			sourceTree = "<group>";
		};
		26AE1ABF4F5D731305ECF01A = {
			isa = PBXGroup;
			children = (
				018319ACB88FF7DA939BCC1F /* SkyMoodWatch */,
				C6D22CAABF70B2A9B50EFD8F /* Products */,
			);
			sourceTree = "<group>";
		};
		C6D22CAABF70B2A9B50EFD8F /* Products */ = {
			isa = PBXGroup;
			children = (
				BA163EB4C0C762D98BF89959 /* SkyMoodWatch.app */,
			);
			name = Products;
			sourceTree = "<group>";
		};
/* End PBXGroup section */

/* Begin PBXNativeTarget section */
		C5FED381CFA7AF8B24101AA2 /* SkyMoodWatch */ = {
			isa = PBXNativeTarget;
			buildConfigurationList = E43E22D6B2D14F39745AFADB /* Build configuration list for PBXNativeTarget "SkyMoodWatch" */;
			buildPhases = (
				074ECA3BD81F123CA43D40D3 /* Sources */,
				765594E0E9F7AACDE6B98B3A /* Resources */,
			);
			buildRules = (
			);
			dependencies = (
			);
			name = SkyMoodWatch;
			packageProductDependencies = (
			);
			productName = SkyMoodWatch;
			productReference = BA163EB4C0C762D98BF89959 /* SkyMoodWatch.app */;
			productType = "com.apple.product-type.application";
		};
/* End PBXNativeTarget section */

/* Begin PBXProject section */
		29D6E068861A9A71846AD6CE /* Project object */ = {
			isa = PBXProject;
			attributes = {
				BuildIndependentTargetsInParallel = YES;
				LastUpgradeCheck = 1430;
				TargetAttributes = {
					C5FED381CFA7AF8B24101AA2 = {
						DevelopmentTeam = K56M484768;
						ProvisioningStyle = Automatic;
					};
				};
			};
			buildConfigurationList = 75A792A47A03664AD15BD52A /* Build configuration list for PBXProject "SkyMoodWatch" */;
			developmentRegion = en;
			hasScannedForEncodings = 0;
			knownRegions = (
				Base,
				en,
			);
			mainGroup = 26AE1ABF4F5D731305ECF01A;
			minimizedProjectReferenceProxies = 1;
			preferredProjectObjectVersion = 77;
			productRefGroup = C6D22CAABF70B2A9B50EFD8F /* Products */;
			projectDirPath = "";
			projectRoot = "";
			targets = (
				C5FED381CFA7AF8B24101AA2 /* SkyMoodWatch */,
			);
		};
/* End PBXProject section */

/* Begin PBXResourcesBuildPhase section */
		765594E0E9F7AACDE6B98B3A /* Resources */ = {
			isa = PBXResourcesBuildPhase;
			buildActionMask = 2147483647;
			files = (
				80DAAA7994827BDF55D0C466 /* Assets.xcassets in Resources */,
			);
			runOnlyForDeploymentPostprocessing = 0;
		};
/* End PBXResourcesBuildPhase section */

/* Begin PBXSourcesBuildPhase section */
		074ECA3BD81F123CA43D40D3 /* Sources */ = {
			isa = PBXSourcesBuildPhase;
			buildActionMask = 2147483647;
			files = (
				797EE6FA28F68F6A9DD24331 /* ContentView.swift in Sources */,
				ACA90958DE97266C19C63E80 /* PlacesView.swift in Sources */,
				6AB236453483C1710D81B1A1 /* SkyMoodWatchApp.swift in Sources */,
				05E433CC1D00FC2C7BF6F5A9 /* WatchSessionManager.swift in Sources */,
				A7E4915245D70CF764E1A125 /* WeatherCodes.swift in Sources */,
				E5E12A267D45EDEFC0CB5AE6 /* WeatherModel.swift in Sources */,
			);
			runOnlyForDeploymentPostprocessing = 0;
		};
/* End PBXSourcesBuildPhase section */

/* Begin XCBuildConfiguration section */
		4FD78852DEE59E75157E07D6 /* Release */ = {
			isa = XCBuildConfiguration;
			buildSettings = {
				ALWAYS_SEARCH_USER_PATHS = NO;
				CLANG_ANALYZER_NONNULL = YES;
				CLANG_ANALYZER_NUMBER_OBJECT_CONVERSION = YES_AGGRESSIVE;
				CLANG_CXX_LANGUAGE_STANDARD = "gnu++14";
				CLANG_CXX_LIBRARY = "libc++";
				CLANG_ENABLE_MODULES = YES;
				CLANG_ENABLE_OBJC_ARC = YES;
				CLANG_ENABLE_OBJC_WEAK = YES;
				CLANG_WARN_BLOCK_CAPTURE_AUTORELEASING = YES;
				CLANG_WARN_BOOL_CONVERSION = YES;
				CLANG_WARN_COMMA = YES;
				CLANG_WARN_CONSTANT_CONVERSION = YES;
				CLANG_WARN_DEPRECATED_OBJC_IMPLEMENTATIONS = YES;
				CLANG_WARN_DIRECT_OBJC_ISA_USAGE = YES_ERROR;
				CLANG_WARN_DOCUMENTATION_COMMENTS = YES;
				CLANG_WARN_EMPTY_BODY = YES;
				CLANG_WARN_ENUM_CONVERSION = YES;
				CLANG_WARN_INFINITE_RECURSION = YES;
				CLANG_WARN_INT_CONVERSION = YES;
				CLANG_WARN_NON_LITERAL_NULL_CONVERSION = YES;
				CLANG_WARN_OBJC_IMPLICIT_RETAIN_SELF = YES;
				CLANG_WARN_OBJC_LITERAL_CONVERSION = YES;
				CLANG_WARN_OBJC_ROOT_CLASS = YES_ERROR;
				CLANG_WARN_QUOTED_INCLUDE_IN_FRAMEWORK_HEADER = YES;
				CLANG_WARN_RANGE_LOOP_ANALYSIS = YES;
				CLANG_WARN_STRICT_PROTOTYPES = YES;
				CLANG_WARN_SUSPICIOUS_MOVE = YES;
				CLANG_WARN_UNGUARDED_AVAILABILITY = YES_AGGRESSIVE;
				CLANG_WARN_UNREACHABLE_CODE = YES;
				CLANG_WARN__DUPLICATE_METHOD_MATCH = YES;
				COPY_PHASE_STRIP = NO;
				DEBUG_INFORMATION_FORMAT = "dwarf-with-dsym";
				ENABLE_NS_ASSERTIONS = NO;
				ENABLE_STRICT_OBJC_MSGSEND = YES;
				GCC_C_LANGUAGE_STANDARD = gnu11;
				GCC_NO_COMMON_BLOCKS = YES;
				GCC_WARN_64_TO_32_BIT_CONVERSION = YES;
				GCC_WARN_ABOUT_RETURN_TYPE = YES_ERROR;
				GCC_WARN_UNDECLARED_SELECTOR = YES;
				GCC_WARN_UNINITIALIZED_AUTOS = YES_AGGRESSIVE;
				GCC_WARN_UNUSED_FUNCTION = YES;
				GCC_WARN_UNUSED_VARIABLE = YES;
				MTL_ENABLE_DEBUG_INFO = NO;
				MTL_FAST_MATH = YES;
				PRODUCT_NAME = "$(TARGET_NAME)";
				SDKROOT = watchos;
				SWIFT_COMPILATION_MODE = wholemodule;
				SWIFT_OPTIMIZATION_LEVEL = "-O";
				SWIFT_VERSION = 5.0;
			};
			name = Release;
		};
		792BEEAA0AB9FD925B8EE5A5 /* Release */ = {
			isa = XCBuildConfiguration;
			buildSettings = {
				ASSETCATALOG_COMPILER_APPICON_NAME = AppIcon;
				CODE_SIGN_IDENTITY = "Apple Development";
				CODE_SIGN_STYLE = Automatic;
				DEVELOPMENT_TEAM = K56M484768;
				ENABLE_PREVIEWS = NO;
				INFOPLIST_FILE = SkyMoodWatch/Info.plist;
				PRODUCT_BUNDLE_IDENTIFIER = com.gamedevsolo.skymood.watchkitapp;
				SDKROOT = watchos;
				SKIP_INSTALL = YES;
				TARGETED_DEVICE_FAMILY = 4;
				WATCHOS_DEPLOYMENT_TARGET = 10.0;
			};
			name = Release;
		};
		C7AB0F36B9C393EF678C145A /* Debug */ = {
			isa = XCBuildConfiguration;
			buildSettings = {
				ALWAYS_SEARCH_USER_PATHS = NO;
				CLANG_ANALYZER_NONNULL = YES;
				CLANG_ANALYZER_NUMBER_OBJECT_CONVERSION = YES_AGGRESSIVE;
				CLANG_CXX_LANGUAGE_STANDARD = "gnu++14";
				CLANG_CXX_LIBRARY = "libc++";
				CLANG_ENABLE_MODULES = YES;
				CLANG_ENABLE_OBJC_ARC = YES;
				CLANG_ENABLE_OBJC_WEAK = YES;
				CLANG_WARN_BLOCK_CAPTURE_AUTORELEASING = YES;
				CLANG_WARN_BOOL_CONVERSION = YES;
				CLANG_WARN_COMMA = YES;
				CLANG_WARN_CONSTANT_CONVERSION = YES;
				CLANG_WARN_DEPRECATED_OBJC_IMPLEMENTATIONS = YES;
				CLANG_WARN_DIRECT_OBJC_ISA_USAGE = YES_ERROR;
				CLANG_WARN_DOCUMENTATION_COMMENTS = YES;
				CLANG_WARN_EMPTY_BODY = YES;
				CLANG_WARN_ENUM_CONVERSION = YES;
				CLANG_WARN_INFINITE_RECURSION = YES;
				CLANG_WARN_INT_CONVERSION = YES;
				CLANG_WARN_NON_LITERAL_NULL_CONVERSION = YES;
				CLANG_WARN_OBJC_IMPLICIT_RETAIN_SELF = YES;
				CLANG_WARN_OBJC_LITERAL_CONVERSION = YES;
				CLANG_WARN_OBJC_ROOT_CLASS = YES_ERROR;
				CLANG_WARN_QUOTED_INCLUDE_IN_FRAMEWORK_HEADER = YES;
				CLANG_WARN_RANGE_LOOP_ANALYSIS = YES;
				CLANG_WARN_STRICT_PROTOTYPES = YES;
				CLANG_WARN_SUSPICIOUS_MOVE = YES;
				CLANG_WARN_UNGUARDED_AVAILABILITY = YES_AGGRESSIVE;
				CLANG_WARN_UNREACHABLE_CODE = YES;
				CLANG_WARN__DUPLICATE_METHOD_MATCH = YES;
				COPY_PHASE_STRIP = NO;
				DEBUG_INFORMATION_FORMAT = dwarf;
				ENABLE_STRICT_OBJC_MSGSEND = YES;
				ENABLE_TESTABILITY = YES;
				GCC_C_LANGUAGE_STANDARD = gnu11;
				GCC_DYNAMIC_NO_PIC = NO;
				GCC_NO_COMMON_BLOCKS = YES;
				GCC_OPTIMIZATION_LEVEL = 0;
				GCC_PREPROCESSOR_DEFINITIONS = (
					"$(inherited)",
					"DEBUG=1",
				);
				GCC_WARN_64_TO_32_BIT_CONVERSION = YES;
				GCC_WARN_ABOUT_RETURN_TYPE = YES_ERROR;
				GCC_WARN_UNDECLARED_SELECTOR = YES;
				GCC_WARN_UNINITIALIZED_AUTOS = YES_AGGRESSIVE;
				GCC_WARN_UNUSED_FUNCTION = YES;
				GCC_WARN_UNUSED_VARIABLE = YES;
				MTL_ENABLE_DEBUG_INFO = INCLUDE_SOURCE;
				MTL_FAST_MATH = YES;
				ONLY_ACTIVE_ARCH = YES;
				PRODUCT_NAME = "$(TARGET_NAME)";
				SDKROOT = watchos;
				SWIFT_ACTIVE_COMPILATION_CONDITIONS = DEBUG;
				SWIFT_OPTIMIZATION_LEVEL = "-Onone";
				SWIFT_VERSION = 5.0;
			};
			name = Debug;
		};
		D6ECEC68DBDA9F787950160B /* Debug */ = {
			isa = XCBuildConfiguration;
			buildSettings = {
				ASSETCATALOG_COMPILER_APPICON_NAME = AppIcon;
				CODE_SIGN_IDENTITY = "Apple Development";
				CODE_SIGN_STYLE = Automatic;
				DEVELOPMENT_TEAM = K56M484768;
				ENABLE_PREVIEWS = NO;
				INFOPLIST_FILE = SkyMoodWatch/Info.plist;
				PRODUCT_BUNDLE_IDENTIFIER = com.gamedevsolo.skymood.watchkitapp;
				SDKROOT = watchos;
				SKIP_INSTALL = YES;
				TARGETED_DEVICE_FAMILY = 4;
				WATCHOS_DEPLOYMENT_TARGET = 10.0;
			};
			name = Debug;
		};
/* End XCBuildConfiguration section */

/* Begin XCConfigurationList section */
		75A792A47A03664AD15BD52A /* Build configuration list for PBXProject "SkyMoodWatch" */ = {
			isa = XCConfigurationList;
			buildConfigurations = (
				C7AB0F36B9C393EF678C145A /* Debug */,
				4FD78852DEE59E75157E07D6 /* Release */,
			);
			defaultConfigurationIsVisible = 0;
			defaultConfigurationName = Debug;
		};
		E43E22D6B2D14F39745AFADB /* Build configuration list for PBXNativeTarget "SkyMoodWatch" */ = {
			isa = XCConfigurationList;
			buildConfigurations = (
				D6ECEC68DBDA9F787950160B /* Debug */,
				792BEEAA0AB9FD925B8EE5A5 /* Release */,
			);
			defaultConfigurationIsVisible = 0;
			defaultConfigurationName = Debug;
		};
/* End XCConfigurationList section */
	};
	rootObject = 29D6E068861A9A71846AD6CE /* Project object */;
}
